// !$*UTF8*$!
{
	archiveVersion = 1;
	classes = {
	};
	objectVersion = 46;
	objects = {

/* Begin PBXBuildFile section */
		BA1FA0F01C6F7A86000A65CE /* AppDelegate.swift in Sources */ = {isa = PBXBuildFile; fileRef = BA1FA0EF1C6F7A86000A65CE /* AppDelegate.swift */; };
		BA1FA0F21C6F7A86000A65CE /* MapViewController.swift in Sources */ = {isa = PBXBuildFile; fileRef = BA1FA0F11C6F7A86000A65CE /* MapViewController.swift */; };
		BA1FA0F71C6F7A86000A65CE /* Main.storyboard in Resources */ = {isa = PBXBuildFile; fileRef = BA1FA0F51C6F7A86000A65CE /* Main.storyboard */; };
		BA1FA0F91C6F7A86000A65CE /* Assets.xcassets in Resources */ = {isa = PBXBuildFile; fileRef = BA1FA0F81C6F7A86000A65CE /* Assets.xcassets */; };
		BA1FA0FC1C6F7A86000A65CE /* LaunchScreen.storyboard in Resources */ = {isa = PBXBuildFile; fileRef = BA1FA0FA1C6F7A86000A65CE /* LaunchScreen.storyboard */; };
		BA1FA1071C6F7A86000A65CE /* RushSwiftTests.swift in Sources */ = {isa = PBXBuildFile; fileRef = BA1FA1061C6F7A86000A65CE /* RushSwiftTests.swift */; };
		BA1FA1121C6F7A86000A65CE /* RushSwiftUITests.swift in Sources */ = {isa = PBXBuildFile; fileRef = BA1FA1111C6F7A86000A65CE /* RushSwiftUITests.swift */; };
		BA1FA1201C6F8BE9000A65CE /* MoreViewController.swift in Sources */ = {isa = PBXBuildFile; fileRef = BA1FA11F1C6F8BE9000A65CE /* MoreViewController.swift */; };
		BA1FA1221C6F9046000A65CE /* ListTableViewController.swift in Sources */ = {isa = PBXBuildFile; fileRef = BA1FA1211C6F9046000A65CE /* ListTableViewController.swift */; };
		BA1FA1261C6F9E47000A65CE /* ListPlacesTableViewCell.swift in Sources */ = {isa = PBXBuildFile; fileRef = BA1FA1251C6F9E47000A65CE /* ListPlacesTableViewCell.swift */; };
		BA1FA1281C6FAD75000A65CE /* ListPlaces.swift in Sources */ = {isa = PBXBuildFile; fileRef = BA1FA1271C6FAD75000A65CE /* ListPlaces.swift */; };
/* End PBXBuildFile section */

/* Begin PBXContainerItemProxy section */
		BA1FA1031C6F7A86000A65CE /* PBXContainerItemProxy */ = {
			isa = PBXContainerItemProxy;
			containerPortal = BA1FA0E41C6F7A86000A65CE /* Project object */;
			proxyType = 1;
			remoteGlobalIDString = BA1FA0EB1C6F7A86000A65CE;
			remoteInfo = RushSwift;
		};
		BA1FA10E1C6F7A86000A65CE /* PBXContainerItemProxy */ = {
			isa = PBXContainerItemProxy;
			containerPortal = BA1FA0E41C6F7A86000A65CE /* Project object */;
			proxyType = 1;
			remoteGlobalIDString = BA1FA0EB1C6F7A86000A65CE;
			remoteInfo = RushSwift;
		};
/* End PBXContainerItemProxy section */

/* Begin PBXFileReference section */
		BA1FA0EC1C6F7A86000A65CE /* RushSwift.app */ = {isa = PBXFileReference; explicitFileType = wrapper.application; includeInIndex = 0; path = RushSwift.app; sourceTree = BUILT_PRODUCTS_DIR; };
		BA1FA0EF1C6F7A86000A65CE /* AppDelegate.swift */ = {isa = PBXFileReference; lastKnownFileType = sourcecode.swift; path = AppDelegate.swift; sourceTree = "<group>"; };
		BA1FA0F11C6F7A86000A65CE /* MapViewController.swift */ = {isa = PBXFileReference; lastKnownFileType = sourcecode.swift; path = MapViewController.swift; sourceTree = "<group>"; };
		BA1FA0F61C6F7A86000A65CE /* Base */ = {isa = PBXFileReference; lastKnownFileType = file.storyboard; name = Base; path = Base.lproj/Main.storyboard; sourceTree = "<group>"; };
		BA1FA0F81C6F7A86000A65CE /* Assets.xcassets */ = {isa = PBXFileReference; lastKnownFileType = folder.assetcatalog; path = Assets.xcassets; sourceTree = "<group>"; };
		BA1FA0FB1C6F7A86000A65CE /* Base */ = {isa = PBXFileReference; lastKnownFileType = file.storyboard; name = Base; path = Base.lproj/LaunchScreen.storyboard; sourceTree = "<group>"; };
		BA1FA0FD1C6F7A86000A65CE /* Info.plist */ = {isa = PBXFileReference; lastKnownFileType = text.plist.xml; path = Info.plist; sourceTree = "<group>"; };
		BA1FA1021C6F7A86000A65CE /* RushSwiftTests.xctest */ = {isa = PBXFileReference; explicitFileType = wrapper.cfbundle; includeInIndex = 0; path = RushSwiftTests.xctest; sourceTree = BUILT_PRODUCTS_DIR; };
		BA1FA1061C6F7A86000A65CE /* RushSwiftTests.swift */ = {isa = PBXFileReference; lastKnownFileType = sourcecode.swift; path = RushSwiftTests.swift; sourceTree = "<group>"; };
		BA1FA1081C6F7A86000A65CE /* Info.plist */ = {isa = PBXFileReference; lastKnownFileType = text.plist.xml; path = Info.plist; sourceTree = "<group>"; };
		BA1FA10D1C6F7A86000A65CE /* RushSwiftUITests.xctest */ = {isa = PBXFileReference; explicitFileType = wrapper.cfbundle; includeInIndex = 0; path = RushSwiftUITests.xctest; sourceTree = BUILT_PRODUCTS_DIR; };
		BA1FA1111C6F7A86000A65CE /* RushSwiftUITests.swift */ = {isa = PBXFileReference; lastKnownFileType = sourcecode.swift; path = RushSwiftUITests.swift; sourceTree = "<group>"; };
		BA1FA1131C6F7A86000A65CE /* Info.plist */ = {isa = PBXFileReference; lastKnownFileType = text.plist.xml; path = Info.plist; sourceTree = "<group>"; };
		BA1FA11F1C6F8BE9000A65CE /* MoreViewController.swift */ = {isa = PBXFileReference; fileEncoding = 4; lastKnownFileType = sourcecode.swift; path = MoreViewController.swift; sourceTree = "<group>"; };
		BA1FA1211C6F9046000A65CE /* ListTableViewController.swift */ = {isa = PBXFileReference; fileEncoding = 4; lastKnownFileType = sourcecode.swift; path = ListTableViewController.swift; sourceTree = "<group>"; };
		BA1FA1251C6F9E47000A65CE /* ListPlacesTableViewCell.swift */ = {isa = PBXFileReference; fileEncoding = 4; lastKnownFileType = sourcecode.swift; path = ListPlacesTableViewCell.swift; sourceTree = "<group>"; };
		BA1FA1271C6FAD75000A65CE /* ListPlaces.swift */ = {isa = PBXFileReference; fileEncoding = 4; lastKnownFileType = sourcecode.swift; path = ListPlaces.swift; sourceTree = "<group>"; };
/* End PBXFileReference section */

/* Begin PBXFrameworksBuildPhase section */
		BA1FA0E91C6F7A86000A65CE /* Frameworks */ = {
			isa = PBXFrameworksBuildPhase;
			buildActionMask = 2147483647;
			files = (
			);
			runOnlyForDeploymentPostprocessing = 0;
		};
		BA1FA0FF1C6F7A86000A65CE /* Frameworks */ = {
			isa = PBXFrameworksBuildPhase;
			buildActionMask = 2147483647;
			files = (
			);
			runOnlyForDeploymentPostprocessing = 0;
		};
		BA1FA10A1C6F7A86000A65CE /* Frameworks */ = {
			isa = PBXFrameworksBuildPhase;
			buildActionMask = 2147483647;
			files = (
			);
			runOnlyForDeploymentPostprocessing = 0;
		};
/* End PBXFrameworksBuildPhase section */

/* Begin PBXGroup section */
		BA1FA0E31C6F7A86000A65CE = {
			isa = PBXGroup;
			children = (
				BA1FA0EE1C6F7A86000A65CE /* RushSwift */,
				BA1FA1051C6F7A86000A65CE /* RushSwiftTests */,
				BA1FA1101C6F7A86000A65CE /* RushSwiftUITests */,
				BA1FA0ED1C6F7A86000A65CE /* Products */,
			);
			sourceTree = "<group>";
			usesTabs = 1;
		};
		BA1FA0ED1C6F7A86000A65CE /* Products */ = {
			isa = PBXGroup;
			children = (
				BA1FA0EC1C6F7A86000A65CE /* RushSwift.app */,
				BA1FA1021C6F7A86000A65CE /* RushSwiftTests.xctest */,
				BA1FA10D1C6F7A86000A65CE /* RushSwiftUITests.xctest */,
			);
			name = Products;
			sourceTree = "<group>";
		};
		BA1FA0EE1C6F7A86000A65CE /* RushSwift */ = {
			isa = PBXGroup;
			children = (
				BA1FA0EF1C6F7A86000A65CE /* AppDelegate.swift */,
				BA1FA0F11C6F7A86000A65CE /* MapViewController.swift */,
				BA1FA1211C6F9046000A65CE /* ListTableViewController.swift */,
				BA1FA1251C6F9E47000A65CE /* ListPlacesTableViewCell.swift */,
				BA1FA11F1C6F8BE9000A65CE /* MoreViewController.swift */,
				BA1FA1271C6FAD75000A65CE /* ListPlaces.swift */,
				BA1FA0F51C6F7A86000A65CE /* Main.storyboard */,
				BA1FA0F81C6F7A86000A65CE /* Assets.xcassets */,
				BA1FA0FA1C6F7A86000A65CE /* LaunchScreen.storyboard */,
				BA1FA0FD1C6F7A86000A65CE /* Info.plist */,
			);
			path = RushSwift;
			sourceTree = "<group>";
		};
		BA1FA1051C6F7A86000A65CE /* RushSwiftTests */ = {
			isa = PBXGroup;
			children = (
				BA1FA1061C6F7A86000A65CE /* RushSwiftTests.swift */,
				BA1FA1081C6F7A86000A65CE /* Info.plist */,
			);
			path = RushSwiftTests;
			sourceTree = "<group>";
		};
		BA1FA1101C6F7A86000A65CE /* RushSwiftUITests */ = {
			isa = PBXGroup;
			children = (
				BA1FA1111C6F7A86000A65CE /* RushSwiftUITests.swift */,
				BA1FA1131C6F7A86000A65CE /* Info.plist */,
			);
			path = RushSwiftUITests;
			sourceTree = "<group>";
		};
/* End PBXGroup section */

/* Begin PBXNativeTarget section */
		BA1FA0EB1C6F7A86000A65CE /* RushSwift */ = {
			isa = PBXNativeTarget;
			buildConfigurationList = BA1FA1161C6F7A86000A65CE /* Build configuration list for PBXNativeTarget "RushSwift" */;
			buildPhases = (
				BA1FA0E81C6F7A86000A65CE /* Sources */,
				BA1FA0E91C6F7A86000A65CE /* Frameworks */,
				BA1FA0EA1C6F7A86000A65CE /* Resources */,
			);
			buildRules = (
			);
			dependencies = (
			);
			name = RushSwift;
			productName = RushSwift;
			productReference = BA1FA0EC1C6F7A86000A65CE /* RushSwift.app */;
			productType = "com.apple.product-type.application";
		};
		BA1FA1011C6F7A86000A65CE /* RushSwiftTests */ = {
			isa = PBXNativeTarget;
			buildConfigurationList = BA1FA1191C6F7A86000A65CE /* Build configuration list for PBXNativeTarget "RushSwiftTests" */;
			buildPhases = (
				BA1FA0FE1C6F7A86000A65CE /* Sources */,
				BA1FA0FF1C6F7A86000A65CE /* Frameworks */,
				BA1FA1001C6F7A86000A65CE /* Resources */,
			);
			buildRules = (
			);
			dependencies = (
				BA1FA1041C6F7A86000A65CE /* PBXTargetDependency */,
			);
			name = RushSwiftTests;
			productName = RushSwiftTests;
			productReference = BA1FA1021C6F7A86000A65CE /* RushSwiftTests.xctest */;
			productType = "com.apple.product-type.bundle.unit-test";
		};
		BA1FA10C1C6F7A86000A65CE /* RushSwiftUITests */ = {
			isa = PBXNativeTarget;
			buildConfigurationList = BA1FA11C1C6F7A86000A65CE /* Build configuration list for PBXNativeTarget "RushSwiftUITests" */;
			buildPhases = (
				BA1FA1091C6F7A86000A65CE /* Sources */,
				BA1FA10A1C6F7A86000A65CE /* Frameworks */,
				BA1FA10B1C6F7A86000A65CE /* Resources */,
			);
			buildRules = (
			);
			dependencies = (
				BA1FA10F1C6F7A86000A65CE /* PBXTargetDependency */,
			);
			name = RushSwiftUITests;
			productName = RushSwiftUITests;
			productReference = BA1FA10D1C6F7A86000A65CE /* RushSwiftUITests.xctest */;
			productType = "com.apple.product-type.bundle.ui-testing";
		};
/* End PBXNativeTarget section */

/* Begin PBXProject section */
		BA1FA0E41C6F7A86000A65CE /* Project object */ = {
			isa = PBXProject;
			attributes = {
				LastSwiftUpdateCheck = 0720;
				LastUpgradeCheck = 0720;
				ORGANIZATIONNAME = "David TEDGUI";
				TargetAttributes = {
					BA1FA0EB1C6F7A86000A65CE = {
						CreatedOnToolsVersion = 7.2;
					};
					BA1FA1011C6F7A86000A65CE = {
						CreatedOnToolsVersion = 7.2;
						TestTargetID = BA1FA0EB1C6F7A86000A65CE;
					};
					BA1FA10C1C6F7A86000A65CE = {
						CreatedOnToolsVersion = 7.2;
						TestTargetID = BA1FA0EB1C6F7A86000A65CE;
					};
				};
			};
			buildConfigurationList = BA1FA0E71C6F7A86000A65CE /* Build configuration list for PBXProject "RushSwift" */;
			compatibilityVersion = "Xcode 3.2";
			developmentRegion = English;
			hasScannedForEncodings = 0;
			knownRegions = (
				en,
				Base,
			);
			mainGroup = BA1FA0E31C6F7A86000A65CE;
			productRefGroup = BA1FA0ED1C6F7A86000A65CE /* Products */;
			projectDirPath = "";
			projectRoot = "";
			targets = (
				BA1FA0EB1C6F7A86000A65CE /* RushSwift */,
				BA1FA1011C6F7A86000A65CE /* RushSwiftTests */,
				BA1FA10C1C6F7A86000A65CE /* RushSwiftUITests */,
			);
		};
/* End PBXProject section */

/* Begin PBXResourcesBuildPhase section */
		BA1FA0EA1C6F7A86000A65CE /* Resources */ = {
			isa = PBXResourcesBuildPhase;
			buildActionMask = 2147483647;
			files = (
				BA1FA0FC1C6F7A86000A65CE /* LaunchScreen.storyboard in Resources */,
				BA1FA0F91C6F7A86000A65CE /* Assets.xcassets in Resources */,
				BA1FA0F71C6F7A86000A65CE /* Main.storyboard in Resources */,
			);
			runOnlyForDeploymentPostprocessing = 0;
		};
		BA1FA1001C6F7A86000A65CE /* Resources */ = {
			isa = PBXResourcesBuildPhase;
			buildActionMask = 2147483647;
			files = (
			);
			runOnlyForDeploymentPostprocessing = 0;
		};
		BA1FA10B1C6F7A86000A65CE /* Resources */ = {
			isa = PBXResourcesBuildPhase;
			buildActionMask = 2147483647;
			files = (
			);
			runOnlyForDeploymentPostprocessing = 0;
		};
/* End PBXResourcesBuildPhase section */

/* Begin PBXSourcesBuildPhase section */
		BA1FA0E81C6F7A86000A65CE /* Sources */ = {
			isa = PBXSourcesBuildPhase;
			buildActionMask = 2147483647;
			files = (
				BA1FA1261C6F9E47000A65CE /* ListPlacesTableViewCell.swift in Sources */,
				BA1FA1281C6FAD75000A65CE /* ListPlaces.swift in Sources */,
				BA1FA1201C6F8BE9000A65CE /* MoreViewController.swift in Sources */,
				BA1FA0F01C6F7A86000A65CE /* AppDelegate.swift in Sources */,
				BA1FA0F21C6F7A86000A65CE /* MapViewController.swift in Sources */,
				BA1FA1221C6F9046000A65CE /* ListTableViewController.swift in Sources */,
			);
			runOnlyForDeploymentPostprocessing = 0;
		};
		BA1FA0FE1C6F7A86000A65CE /* Sources */ = {
			isa = PBXSourcesBuildPhase;
			buildActionMask = 2147483647;
			files = (
				BA1FA1071C6F7A86000A65CE /* RushSwiftTests.swift in Sources */,
			);
			runOnlyForDeploymentPostprocessing = 0;
		};
		BA1FA1091C6F7A86000A65CE /* Sources */ = {
			isa = PBXSourcesBuildPhase;
			buildActionMask = 2147483647;
			files = (
				BA1FA1121C6F7A86000A65CE /* RushSwiftUITests.swift in Sources */,
			);
			runOnlyForDeploymentPostprocessing = 0;
		};
/* End PBXSourcesBuildPhase section */

/* Begin PBXTargetDependency section */
		BA1FA1041C6F7A86000A65CE /* PBXTargetDependency */ = {
			isa = PBXTargetDependency;
			target = BA1FA0EB1C6F7A86000A65CE /* RushSwift */;
			targetProxy = BA1FA1031C6F7A86000A65CE /* PBXContainerItemProxy */;
		};
		BA1FA10F1C6F7A86000A65CE /* PBXTargetDependency */ = {
			isa = PBXTargetDependency;
			target = BA1FA0EB1C6F7A86000A65CE /* RushSwift */;
			targetProxy = BA1FA10E1C6F7A86000A65CE /* PBXContainerItemProxy */;
		};
/* End PBXTargetDependency section */

/* Begin PBXVariantGroup section */
		BA1FA0F51C6F7A86000A65CE /* Main.storyboard */ = {
			isa = PBXVariantGroup;
			children = (
				BA1FA0F61C6F7A86000A65CE /* Base */,
			);
			name = Main.storyboard;
			sourceTree = "<group>";
		};
		BA1FA0FA1C6F7A86000A65CE /* LaunchScreen.storyboard */ = {
			isa = PBXVariantGroup;
			children = (
				BA1FA0FB1C6F7A86000A65CE /* Base */,
			);
			name = LaunchScreen.storyboard;
			sourceTree = "<group>";
		};
/* End PBXVariantGroup section */

/* Begin XCBuildConfiguration section */
		BA1FA1141C6F7A86000A65CE /* Debug */ = {
			isa = XCBuildConfiguration;
			buildSettings = {
				ALWAYS_SEARCH_USER_PATHS = NO;
				CLANG_CXX_LANGUAGE_STANDARD = "gnu++0x";
				CLANG_CXX_LIBRARY = "libc++";
				CLANG_ENABLE_MODULES = YES;
				CLANG_ENABLE_OBJC_ARC = YES;
				CLANG_WARN_BOOL_CONVERSION = YES;
				CLANG_WARN_CONSTANT_CONVERSION = YES;
				CLANG_WARN_DIRECT_OBJC_ISA_USAGE = YES_ERROR;
				CLANG_WARN_EMPTY_BODY = YES;
				CLANG_WARN_ENUM_CONVERSION = YES;
				CLANG_WARN_INT_CONVERSION = YES;
				CLANG_WARN_OBJC_ROOT_CLASS = YES_ERROR;
				CLANG_WARN_UNREACHABLE_CODE = YES;
				CLANG_WARN__DUPLICATE_METHOD_MATCH = YES;
				"CODE_SIGN_IDENTITY[sdk=iphoneos*]" = "iPhone Developer";
				COPY_PHASE_STRIP = NO;
				DEBUG_INFORMATION_FORMAT = dwarf;
				ENABLE_STRICT_OBJC_MSGSEND = YES;
				ENABLE_TESTABILITY = YES;
				GCC_C_LANGUAGE_STANDARD = gnu99;
				GCC_DYNAMIC_NO_PIC = NO;
				GCC_NO_COMMON_BLOCKS = YES;
				GCC_OPTIMIZATION_LEVEL = 0;
				GCC_PREPROCESSOR_DEFINITIONS = (
					"DEBUG=1",
					"$(inherited)",
				);
				GCC_WARN_64_TO_32_BIT_CONVERSION = YES;
				GCC_WARN_ABOUT_RETURN_TYPE = YES_ERROR;
				GCC_WARN_UNDECLARED_SELECTOR = YES;
				GCC_WARN_UNINITIALIZED_AUTOS = YES_AGGRESSIVE;
				GCC_WARN_UNUSED_FUNCTION = YES;
				GCC_WARN_UNUSED_VARIABLE = YES;
				IPHONEOS_DEPLOYMENT_TARGET = 9.2;
				MTL_ENABLE_DEBUG_INFO = YES;
				ONLY_ACTIVE_ARCH = YES;
				SDKROOT = iphoneos;
				SWIFT_OPTIMIZATION_LEVEL = "-Onone";
			};
			name = Debug;
		};
		BA1FA1151C6F7A86000A65CE /* Release */ = {
			isa = XCBuildConfiguration;
			buildSettings = {
				ALWAYS_SEARCH_USER_PATHS = NO;
				CLANG_CXX_LANGUAGE_STANDARD = "gnu++0x";
				CLANG_CXX_LIBRARY = "libc++";
				CLANG_ENABLE_MODULES = YES;
				CLANG_ENABLE_OBJC_ARC = YES;
				CLANG_WARN_BOOL_CONVERSION = YES;
				CLANG_WARN_CONSTANT_CONVERSION = YES;
				CLANG_WARN_DIRECT_OBJC_ISA_USAGE = YES_ERROR;
				CLANG_WARN_EMPTY_BODY = YES;
				CLANG_WARN_ENUM_CONVERSION = YES;
				CLANG_WARN_INT_CONVERSION = YES;
				CLANG_WARN_OBJC_ROOT_CLASS = YES_ERROR;
				CLANG_WARN_UNREACHABLE_CODE = YES;
				CLANG_WARN__DUPLICATE_METHOD_MATCH = YES;
				"CODE_SIGN_IDENTITY[sdk=iphoneos*]" = "iPhone Developer";
				COPY_PHASE_STRIP = NO;
				DEBUG_INFORMATION_FORMAT = "dwarf-with-dsym";
				ENABLE_NS_ASSERTIONS = NO;
				ENABLE_STRICT_OBJC_MSGSEND = YES;
				GCC_C_LANGUAGE_STANDARD = gnu99;
				GCC_NO_COMMON_BLOCKS = YES;
				GCC_WARN_64_TO_32_BIT_CONVERSION = YES;
				GCC_WARN_ABOUT_RETURN_TYPE = YES_ERROR;
				GCC_WARN_UNDECLARED_SELECTOR = YES;
				GCC_WARN_UNINITIALIZED_AUTOS = YES_AGGRESSIVE;
				GCC_WARN_UNUSED_FUNCTION = YES;
				GCC_WARN_UNUSED_VARIABLE = YES;
				IPHONEOS_DEPLOYMENT_TARGET = 9.2;
				MTL_ENABLE_DEBUG_INFO = NO;
				SDKROOT = iphoneos;
				VALIDATE_PRODUCT = YES;
			};
			name = Release;
		};
		BA1FA1171C6F7A86000A65CE /* Debug */ = {
			isa = XCBuildConfiguration;
			buildSettings = {
				ASSETCATALOG_COMPILER_APPICON_NAME = AppIcon;
				INFOPLIST_FILE = RushSwift/Info.plist;
				LD_RUNPATH_SEARCH_PATHS = "$(inherited) @executable_path/Frameworks";
				PRODUCT_BUNDLE_IDENTIFIER = dtedgui.RushSwift;
				PRODUCT_NAME = "$(TARGET_NAME)";
			};
			name = Debug;
		};
		BA1FA1181C6F7A86000A65CE /* Release */ = {
			isa = XCBuildConfiguration;
			buildSettings = {
				ASSETCATALOG_COMPILER_APPICON_NAME = AppIcon;
				INFOPLIST_FILE = RushSwift/Info.plist;
				LD_RUNPATH_SEARCH_PATHS = "$(inherited) @executable_path/Frameworks";
				PRODUCT_BUNDLE_IDENTIFIER = dtedgui.RushSwift;
				PRODUCT_NAME = "$(TARGET_NAME)";
			};
			name = Release;
		};
		BA1FA11A1C6F7A86000A65CE /* Debug */ = {
			isa = XCBuildConfiguration;
			buildSettings = {
				BUNDLE_LOADER = "$(TEST_HOST)";
				INFOPLIST_FILE = RushSwiftTests/Info.plist;
				LD_RUNPATH_SEARCH_PATHS = "$(inherited) @executable_path/Frameworks @loader_path/Frameworks";
				PRODUCT_BUNDLE_IDENTIFIER = dtedgui.RushSwiftTests;
				PRODUCT_NAME = "$(TARGET_NAME)";
				TEST_HOST = "$(BUILT_PRODUCTS_DIR)/RushSwift.app/RushSwift";
			};
			name = Debug;
		};
		BA1FA11B1C6F7A86000A65CE /* Release */ = {
			isa = XCBuildConfiguration;
			buildSettings = {
				BUNDLE_LOADER = "$(TEST_HOST)";
				INFOPLIST_FILE = RushSwiftTests/Info.plist;
				LD_RUNPATH_SEARCH_PATHS = "$(inherited) @executable_path/Frameworks @loader_path/Frameworks";
				PRODUCT_BUNDLE_IDENTIFIER = dtedgui.RushSwiftTests;
				PRODUCT_NAME = "$(TARGET_NAME)";
				TEST_HOST = "$(BUILT_PRODUCTS_DIR)/RushSwift.app/RushSwift";
			};
			name = Release;
		};
		BA1FA11D1C6F7A86000A65CE /* Debug */ = {
			isa = XCBuildConfiguration;
			buildSettings = {
				INFOPLIST_FILE = RushSwiftUITests/Info.plist;
				LD_RUNPATH_SEARCH_PATHS = "$(inherited) @executable_path/Frameworks @loader_path/Frameworks";
				PRODUCT_BUNDLE_IDENTIFIER = dtedgui.RushSwiftUITests;
				PRODUCT_NAME = "$(TARGET_NAME)";
				TEST_TARGET_NAME = RushSwift;
				USES_XCTRUNNER = YES;
			};
			name = Debug;
		};
		BA1FA11E1C6F7A86000A65CE /* Release */ = {
			isa = XCBuildConfiguration;
			buildSettings = {
				INFOPLIST_FILE = RushSwiftUITests/Info.plist;
				LD_RUNPATH_SEARCH_PATHS = "$(inherited) @executable_path/Frameworks @loader_path/Frameworks";
				PRODUCT_BUNDLE_IDENTIFIER = dtedgui.RushSwiftUITests;
				PRODUCT_NAME = "$(TARGET_NAME)";
				TEST_TARGET_NAME = RushSwift;
				USES_XCTRUNNER = YES;
			};
			name = Release;
		};
/* End XCBuildConfiguration section */

/* Begin XCConfigurationList section */
		BA1FA0E71C6F7A86000A65CE /* Build configuration list for PBXProject "RushSwift" */ = {
			isa = XCConfigurationList;
			buildConfigurations = (
				BA1FA1141C6F7A86000A65CE /* Debug */,
				BA1FA1151C6F7A86000A65CE /* Release */,
			);
			defaultConfigurationIsVisible = 0;
			defaultConfigurationName = Release;
		};
		BA1FA1161C6F7A86000A65CE /* Build configuration list for PBXNativeTarget "RushSwift" */ = {
			isa = XCConfigurationList;
			buildConfigurations = (
				BA1FA1171C6F7A86000A65CE /* Debug */,
				BA1FA1181C6F7A86000A65CE /* Release */,
			);
			defaultConfigurationIsVisible = 0;
			defaultConfigurationName = Release;
		};
		BA1FA1191C6F7A86000A65CE /* Build configuration list for PBXNativeTarget "RushSwiftTests" */ = {
			isa = XCConfigurationList;
			buildConfigurations = (
				BA1FA11A1C6F7A86000A65CE /* Debug */,
				BA1FA11B1C6F7A86000A65CE /* Release */,
			);
			defaultConfigurationIsVisible = 0;
			defaultConfigurationName = Release;
		};
		BA1FA11C1C6F7A86000A65CE /* Build configuration list for PBXNativeTarget "RushSwiftUITests" */ = {
			isa = XCConfigurationList;
			buildConfigurations = (
				BA1FA11D1C6F7A86000A65CE /* Debug */,
				BA1FA11E1C6F7A86000A65CE /* Release */,
			);
			defaultConfigurationIsVisible = 0;
			defaultConfigurationName = Release;
		};
/* End XCConfigurationList section */
	};
	rootObject = BA1FA0E41C6F7A86000A65CE /* Project object */;
}
